dependencies:
- name: kuberay-operator
  repository: https://ray-project.github.io/kuberay-helm
  version: 1.0.0
- name: redis
  repository: https://charts.bitnami.com/bitnami
  version: 18.6.2
digest: sha256:379cfc174325c31bb95eacbad3a9aa0bff5cee437766785a0e824e307dd145f0
generated: "2024-01-05T15:20:11.281715+08:00"
