dependencies:
- name: kuberay-operator
  repository: https://ray-project.github.io/kuberay-helm
  version: 1.0.0
- name: redis
  repository: https://charts.bitnami.com/bitnami
  version: 18.6.2
- name: gpu-operator
  repository: https://helm.ngc.nvidia.com/nvidia
  version: v23.9.1
- name: volcano
  repository: https://volcano-sh.github.io/helm-charts
  version: 1.8.2
digest: sha256:c349cdaec997981d096c13f3cef405b5f342e3dc39b60ce371bd18226e6a2c73
generated: "2024-01-18T10:40:01.206297+08:00"
